Microsoft Visual Studio Solution File, Format Version 11.00
# Visual Studio 2008

Project("{BB4C3743-9213-3719-A324-AB1BA2799CD6}") = "dict", "Assembly-CSharp.csproj", "{482B2A7F-2507-BC65-16E9-6252C1778893}"
EndProject
Global
	GlobalSection(SolutionConfigurationPlatforms) = preSolution
		Debug|Any CPU = Debug|Any CPU
		Release|Any CPU = Release|Any CPU
	EndGlobalSection
	GlobalSection(ProjectConfigurationPlatforms) = postSolution
		{482B2A7F-2507-BC65-16E9-6252C1778893}.Debug|Any CPU.ActiveCfg = Debug|Any CPU
		{482B2A7F-2507-BC65-16E9-6252C1778893}.Debug|Any CPU.Build.0 = Debug|Any CPU
		{482B2A7F-2507-BC65-16E9-6252C1778893}.Release|Any CPU.ActiveCfg = Release|Any CPU
		{482B2A7F-2507-BC65-16E9-6252C1778893}.Release|Any CPU.Build.0 = Release|Any CPU
	EndGlobalSection
	GlobalSection(SolutionProperties) = preSolution
		HideSolutionNode = FALSE
	EndGlobalSection
	GlobalSection(MonoDevelopProperties) = preSolution
		StartupItem = Assembly-CSharp.csproj
	EndGlobalSection
EndGlobal
